Microsoft Visual Studio Solution File, Format Version 12.00
# Visual Studio Version 17
VisualStudioVersion = 17.5.2.0
MinimumVisualStudioVersion = 10.0.40219.1
Project("{2150E333-8FDC-42A3-9474-1A3956D46DE8}") = "Backend", "Backend", "{1AE8ACA6-933B-BF2A-3671-3E2EAC007D16}"
EndProject
Project("{FAE04EC0-301F-11D3-BF4B-00C04F79EFBC}") = "HospitalManagement.API", "Backend\HospitalManagement.API.csproj", "{E63CBF6B-CC87-830D-7C2D-7DE33A250E00}"
EndProject
Global
	GlobalSection(SolutionConfigurationPlatforms) = preSolution
		Debug|Any CPU = Debug|Any CPU
		Release|Any CPU = Release|Any CPU
	EndGlobalSection
	GlobalSection(ProjectConfigurationPlatforms) = postSolution
		{E63CBF6B-CC87-830D-7C2D-7DE33A250E00}.Debug|Any CPU.ActiveCfg = Debug|Any CPU
		{E63CBF6B-CC87-830D-7C2D-7DE33A250E00}.Debug|Any CPU.Build.0 = Debug|Any CPU
		{E63CBF6B-CC87-830D-7C2D-7DE33A250E00}.Release|Any CPU.ActiveCfg = Release|Any CPU
		{E63CBF6B-CC87-830D-7C2D-7DE33A250E00}.Release|Any CPU.Build.0 = Release|Any CPU
	EndGlobalSection
	GlobalSection(SolutionProperties) = preSolution
		HideSolutionNode = FALSE
	EndGlobalSection
	GlobalSection(NestedProjects) = preSolution
		{E63CBF6B-CC87-830D-7C2D-7DE33A250E00} = {1AE8ACA6-933B-BF2A-3671-3E2EAC007D16}
	EndGlobalSection
	GlobalSection(ExtensibilityGlobals) = postSolution
		SolutionGuid = {DF1C4B79-27B3-4D09-A32E-8C7F42F4B422}
	EndGlobalSection
EndGlobal
